# This file is automatically @generated by Cargo.
# It is not intended for manual editing.
version = 4

[[package]]
name = "nex-coffre"
version = "0.0.0"
dependencies = [
 "nex-cryptographie",
]

[[package]]
name = "nex-console"
version = "0.0.0"
dependencies = [
 "nex-coffre",
]

[[package]]
name = "nex-cryptographie"
version = "0.0.0"
